// !$*UTF8*$!
{
	archiveVersion = 1;
	classes = {
	};
	objectVersion = 46;
	objects = {

/* Begin PBXBuildFile section */
		24AEE9111A65B90400052705 /* AppDelegate.swift in Sources */ = {isa = PBXBuildFile; fileRef = 24AEE9101A65B90400052705 /* AppDelegate.swift */; };
		24AEE9141A65B90400052705 /* Lunchr_iOS.xcdatamodeld in Sources */ = {isa = PBXBuildFile; fileRef = 24AEE9121A65B90400052705 /* Lunchr_iOS.xcdatamodeld */; };
		24AEE9161A65B90400052705 /* MasterViewController.swift in Sources */ = {isa = PBXBuildFile; fileRef = 24AEE9151A65B90400052705 /* MasterViewController.swift */; };
		24AEE9181A65B90400052705 /* DetailViewController.swift in Sources */ = {isa = PBXBuildFile; fileRef = 24AEE9171A65B90400052705 /* DetailViewController.swift */; };
		24AEE91B1A65B90400052705 /* Main.storyboard in Resources */ = {isa = PBXBuildFile; fileRef = 24AEE9191A65B90400052705 /* Main.storyboard */; };
		24AEE91D1A65B90400052705 /* Images.xcassets in Resources */ = {isa = PBXBuildFile; fileRef = 24AEE91C1A65B90400052705 /* Images.xcassets */; };
		24AEE9201A65B90400052705 /* LaunchScreen.xib in Resources */ = {isa = PBXBuildFile; fileRef = 24AEE91E1A65B90400052705 /* LaunchScreen.xib */; };
		24AEE92C1A65B90400052705 /* Lunchr_iOSTests.swift in Sources */ = {isa = PBXBuildFile; fileRef = 24AEE92B1A65B90400052705 /* Lunchr_iOSTests.swift */; };
/* End PBXBuildFile section */

/* Begin PBXContainerItemProxy section */
		24AEE9261A65B90400052705 /* PBXContainerItemProxy */ = {
			isa = PBXContainerItemProxy;
			containerPortal = 24AEE9031A65B90400052705 /* Project object */;
			proxyType = 1;
			remoteGlobalIDString = 24AEE90A1A65B90400052705;
			remoteInfo = "Lunchr-iOS";
		};
/* End PBXContainerItemProxy section */

/* Begin PBXFileReference section */
		24AEE90B1A65B90400052705 /* Lunchr-iOS.app */ = {isa = PBXFileReference; explicitFileType = wrapper.application; includeInIndex = 0; path = "Lunchr-iOS.app"; sourceTree = BUILT_PRODUCTS_DIR; };
		24AEE90F1A65B90400052705 /* Info.plist */ = {isa = PBXFileReference; lastKnownFileType = text.plist.xml; path = Info.plist; sourceTree = "<group>"; };
		24AEE9101A65B90400052705 /* AppDelegate.swift */ = {isa = PBXFileReference; lastKnownFileType = sourcecode.swift; path = AppDelegate.swift; sourceTree = "<group>"; };
		24AEE9131A65B90400052705 /* Lunchr_iOS.xcdatamodel */ = {isa = PBXFileReference; lastKnownFileType = wrapper.xcdatamodel; path = Lunchr_iOS.xcdatamodel; sourceTree = "<group>"; };
		24AEE9151A65B90400052705 /* MasterViewController.swift */ = {isa = PBXFileReference; lastKnownFileType = sourcecode.swift; path = MasterViewController.swift; sourceTree = "<group>"; };
		24AEE9171A65B90400052705 /* DetailViewController.swift */ = {isa = PBXFileReference; lastKnownFileType = sourcecode.swift; path = DetailViewController.swift; sourceTree = "<group>"; };
		24AEE91A1A65B90400052705 /* Base */ = {isa = PBXFileReference; lastKnownFileType = file.storyboard; name = Base; path = Base.lproj/Main.storyboard; sourceTree = "<group>"; };
		24AEE91C1A65B90400052705 /* Images.xcassets */ = {isa = PBXFileReference; lastKnownFileType = folder.assetcatalog; path = Images.xcassets; sourceTree = "<group>"; };
		24AEE91F1A65B90400052705 /* Base */ = {isa = PBXFileReference; lastKnownFileType = file.xib; name = Base; path = Base.lproj/LaunchScreen.xib; sourceTree = "<group>"; };
		24AEE9251A65B90400052705 /* Lunchr-iOSTests.xctest */ = {isa = PBXFileReference; explicitFileType = wrapper.cfbundle; includeInIndex = 0; path = "Lunchr-iOSTests.xctest"; sourceTree = BUILT_PRODUCTS_DIR; };
		24AEE92A1A65B90400052705 /* Info.plist */ = {isa = PBXFileReference; lastKnownFileType = text.plist.xml; path = Info.plist; sourceTree = "<group>"; };
		24AEE92B1A65B90400052705 /* Lunchr_iOSTests.swift */ = {isa = PBXFileReference; lastKnownFileType = sourcecode.swift; path = Lunchr_iOSTests.swift; sourceTree = "<group>"; };
/* End PBXFileReference section */

/* Begin PBXFrameworksBuildPhase section */
		24AEE9081A65B90400052705 /* Frameworks */ = {
			isa = PBXFrameworksBuildPhase;
			buildActionMask = 2147483647;
			files = (
			);
			runOnlyForDeploymentPostprocessing = 0;
		};
		24AEE9221A65B90400052705 /* Frameworks */ = {
			isa = PBXFrameworksBuildPhase;
			buildActionMask = 2147483647;
			files = (
			);
			runOnlyForDeploymentPostprocessing = 0;
		};
/* End PBXFrameworksBuildPhase section */

/* Begin PBXGroup section */
		24AEE9021A65B90400052705 = {
			isa = PBXGroup;
			children = (
				24AEE90D1A65B90400052705 /* Lunchr-iOS */,
				24AEE9281A65B90400052705 /* Lunchr-iOSTests */,
				24AEE90C1A65B90400052705 /* Products */,
			);
			sourceTree = "<group>";
		};
		24AEE90C1A65B90400052705 /* Products */ = {
			isa = PBXGroup;
			children = (
				24AEE90B1A65B90400052705 /* Lunchr-iOS.app */,
				24AEE9251A65B90400052705 /* Lunchr-iOSTests.xctest */,
			);
			name = Products;
			sourceTree = "<group>";
		};
		24AEE90D1A65B90400052705 /* Lunchr-iOS */ = {
			isa = PBXGroup;
			children = (
				24AEE9101A65B90400052705 /* AppDelegate.swift */,
				24AEE9151A65B90400052705 /* MasterViewController.swift */,
				24AEE9171A65B90400052705 /* DetailViewController.swift */,
				24AEE9191A65B90400052705 /* Main.storyboard */,
				24AEE91C1A65B90400052705 /* Images.xcassets */,
				24AEE91E1A65B90400052705 /* LaunchScreen.xib */,
				24AEE9121A65B90400052705 /* Lunchr_iOS.xcdatamodeld */,
				24AEE90E1A65B90400052705 /* Supporting Files */,
			);
			path = "Lunchr-iOS";
			sourceTree = "<group>";
		};
		24AEE90E1A65B90400052705 /* Supporting Files */ = {
			isa = PBXGroup;
			children = (
				24AEE90F1A65B90400052705 /* Info.plist */,
			);
			name = "Supporting Files";
			sourceTree = "<group>";
		};
		24AEE9281A65B90400052705 /* Lunchr-iOSTests */ = {
			isa = PBXGroup;
			children = (
				24AEE92B1A65B90400052705 /* Lunchr_iOSTests.swift */,
				24AEE9291A65B90400052705 /* Supporting Files */,
			);
			path = "Lunchr-iOSTests";
			sourceTree = "<group>";
		};
		24AEE9291A65B90400052705 /* Supporting Files */ = {
			isa = PBXGroup;
			children = (
				24AEE92A1A65B90400052705 /* Info.plist */,
			);
			name = "Supporting Files";
			sourceTree = "<group>";
		};
/* End PBXGroup section */

/* Begin PBXNativeTarget section */
		24AEE90A1A65B90400052705 /* Lunchr-iOS */ = {
			isa = PBXNativeTarget;
			buildConfigurationList = 24AEE92F1A65B90400052705 /* Build configuration list for PBXNativeTarget "Lunchr-iOS" */;
			buildPhases = (
				24AEE9071A65B90400052705 /* Sources */,
				24AEE9081A65B90400052705 /* Frameworks */,
				24AEE9091A65B90400052705 /* Resources */,
			);
			buildRules = (
			);
			dependencies = (
			);
			name = "Lunchr-iOS";
			productName = "Lunchr-iOS";
			productReference = 24AEE90B1A65B90400052705 /* Lunchr-iOS.app */;
			productType = "com.apple.product-type.application";
		};
		24AEE9241A65B90400052705 /* Lunchr-iOSTests */ = {
			isa = PBXNativeTarget;
			buildConfigurationList = 24AEE9321A65B90400052705 /* Build configuration list for PBXNativeTarget "Lunchr-iOSTests" */;
			buildPhases = (
				24AEE9211A65B90400052705 /* Sources */,
				24AEE9221A65B90400052705 /* Frameworks */,
				24AEE9231A65B90400052705 /* Resources */,
			);
			buildRules = (
			);
			dependencies = (
				24AEE9271A65B90400052705 /* PBXTargetDependency */,
			);
			name = "Lunchr-iOSTests";
			productName = "Lunchr-iOSTests";
			productReference = 24AEE9251A65B90400052705 /* Lunchr-iOSTests.xctest */;
			productType = "com.apple.product-type.bundle.unit-test";
		};
/* End PBXNativeTarget section */

/* Begin PBXProject section */
		24AEE9031A65B90400052705 /* Project object */ = {
			isa = PBXProject;
			attributes = {
				LastUpgradeCheck = 0610;
				ORGANIZATIONNAME = SoftEngGroup4;
				TargetAttributes = {
					24AEE90A1A65B90400052705 = {
						CreatedOnToolsVersion = 6.1.1;
					};
					24AEE9241A65B90400052705 = {
						CreatedOnToolsVersion = 6.1.1;
						TestTargetID = 24AEE90A1A65B90400052705;
					};
				};
			};
			buildConfigurationList = 24AEE9061A65B90400052705 /* Build configuration list for PBXProject "Lunchr-iOS" */;
			compatibilityVersion = "Xcode 3.2";
			developmentRegion = English;
			hasScannedForEncodings = 0;
			knownRegions = (
				en,
				Base,
			);
			mainGroup = 24AEE9021A65B90400052705;
			productRefGroup = 24AEE90C1A65B90400052705 /* Products */;
			projectDirPath = "";
			projectRoot = "";
			targets = (
				24AEE90A1A65B90400052705 /* Lunchr-iOS */,
				24AEE9241A65B90400052705 /* Lunchr-iOSTests */,
			);
		};
/* End PBXProject section */

/* Begin PBXResourcesBuildPhase section */
		24AEE9091A65B90400052705 /* Resources */ = {
			isa = PBXResourcesBuildPhase;
			buildActionMask = 2147483647;
			files = (
				24AEE91B1A65B90400052705 /* Main.storyboard in Resources */,
				24AEE9201A65B90400052705 /* LaunchScreen.xib in Resources */,
				24AEE91D1A65B90400052705 /* Images.xcassets in Resources */,
			);
			runOnlyForDeploymentPostprocessing = 0;
		};
		24AEE9231A65B90400052705 /* Resources */ = {
			isa = PBXResourcesBuildPhase;
			buildActionMask = 2147483647;
			files = (
			);
			runOnlyForDeploymentPostprocessing = 0;
		};
/* End PBXResourcesBuildPhase section */

/* Begin PBXSourcesBuildPhase section */
		24AEE9071A65B90400052705 /* Sources */ = {
			isa = PBXSourcesBuildPhase;
			buildActionMask = 2147483647;
			files = (
				24AEE9111A65B90400052705 /* AppDelegate.swift in Sources */,
				24AEE9141A65B90400052705 /* Lunchr_iOS.xcdatamodeld in Sources */,
				24AEE9161A65B90400052705 /* MasterViewController.swift in Sources */,
				24AEE9181A65B90400052705 /* DetailViewController.swift in Sources */,
			);
			runOnlyForDeploymentPostprocessing = 0;
		};
		24AEE9211A65B90400052705 /* Sources */ = {
			isa = PBXSourcesBuildPhase;
			buildActionMask = 2147483647;
			files = (
				24AEE92C1A65B90400052705 /* Lunchr_iOSTests.swift in Sources */,
			);
			runOnlyForDeploymentPostprocessing = 0;
		};
/* End PBXSourcesBuildPhase section */

/* Begin PBXTargetDependency section */
		24AEE9271A65B90400052705 /* PBXTargetDependency */ = {
			isa = PBXTargetDependency;
			target = 24AEE90A1A65B90400052705 /* Lunchr-iOS */;
			targetProxy = 24AEE9261A65B90400052705 /* PBXContainerItemProxy */;
		};
/* End PBXTargetDependency section */

/* Begin PBXVariantGroup section */
		24AEE9191A65B90400052705 /* Main.storyboard */ = {
			isa = PBXVariantGroup;
			children = (
				24AEE91A1A65B90400052705 /* Base */,
			);
			name = Main.storyboard;
			sourceTree = "<group>";
		};
		24AEE91E1A65B90400052705 /* LaunchScreen.xib */ = {
			isa = PBXVariantGroup;
			children = (
				24AEE91F1A65B90400052705 /* Base */,
			);
			name = LaunchScreen.xib;
			sourceTree = "<group>";
		};
/* End PBXVariantGroup section */

/* Begin XCBuildConfiguration section */
		24AEE92D1A65B90400052705 /* Debug */ = {
			isa = XCBuildConfiguration;
			buildSettings = {
				ALWAYS_SEARCH_USER_PATHS = NO;
				CLANG_CXX_LANGUAGE_STANDARD = "gnu++0x";
				CLANG_CXX_LIBRARY = "libc++";
				CLANG_ENABLE_MODULES = YES;
				CLANG_ENABLE_OBJC_ARC = YES;
				CLANG_WARN_BOOL_CONVERSION = YES;
				CLANG_WARN_CONSTANT_CONVERSION = YES;
				CLANG_WARN_DIRECT_OBJC_ISA_USAGE = YES_ERROR;
				CLANG_WARN_EMPTY_BODY = YES;
				CLANG_WARN_ENUM_CONVERSION = YES;
				CLANG_WARN_INT_CONVERSION = YES;
				CLANG_WARN_OBJC_ROOT_CLASS = YES_ERROR;
				CLANG_WARN_UNREACHABLE_CODE = YES;
				CLANG_WARN__DUPLICATE_METHOD_MATCH = YES;
				"CODE_SIGN_IDENTITY[sdk=iphoneos*]" = "iPhone Developer";
				COPY_PHASE_STRIP = NO;
				ENABLE_STRICT_OBJC_MSGSEND = YES;
				GCC_C_LANGUAGE_STANDARD = gnu99;
				GCC_DYNAMIC_NO_PIC = NO;
				GCC_OPTIMIZATION_LEVEL = 0;
				GCC_PREPROCESSOR_DEFINITIONS = (
					"DEBUG=1",
					"$(inherited)",
				);
				GCC_SYMBOLS_PRIVATE_EXTERN = NO;
				GCC_WARN_64_TO_32_BIT_CONVERSION = YES;
				GCC_WARN_ABOUT_RETURN_TYPE = YES_ERROR;
				GCC_WARN_UNDECLARED_SELECTOR = YES;
				GCC_WARN_UNINITIALIZED_AUTOS = YES_AGGRESSIVE;
				GCC_WARN_UNUSED_FUNCTION = YES;
				GCC_WARN_UNUSED_VARIABLE = YES;
				IPHONEOS_DEPLOYMENT_TARGET = 8.1;
				MTL_ENABLE_DEBUG_INFO = YES;
				ONLY_ACTIVE_ARCH = YES;
				SDKROOT = iphoneos;
				SWIFT_OPTIMIZATION_LEVEL = "-Onone";
				TARGETED_DEVICE_FAMILY = 2;
			};
			name = Debug;
		};
		24AEE92E1A65B90400052705 /* Release */ = {
			isa = XCBuildConfiguration;
			buildSettings = {
				ALWAYS_SEARCH_USER_PATHS = NO;
				CLANG_CXX_LANGUAGE_STANDARD = "gnu++0x";
				CLANG_CXX_LIBRARY = "libc++";
				CLANG_ENABLE_MODULES = YES;
				CLANG_ENABLE_OBJC_ARC = YES;
				CLANG_WARN_BOOL_CONVERSION = YES;
				CLANG_WARN_CONSTANT_CONVERSION = YES;
				CLANG_WARN_DIRECT_OBJC_ISA_USAGE = YES_ERROR;
				CLANG_WARN_EMPTY_BODY = YES;
				CLANG_WARN_ENUM_CONVERSION = YES;
				CLANG_WARN_INT_CONVERSION = YES;
				CLANG_WARN_OBJC_ROOT_CLASS = YES_ERROR;
				CLANG_WARN_UNREACHABLE_CODE = YES;
				CLANG_WARN__DUPLICATE_METHOD_MATCH = YES;
				"CODE_SIGN_IDENTITY[sdk=iphoneos*]" = "iPhone Developer";
				COPY_PHASE_STRIP = YES;
				ENABLE_NS_ASSERTIONS = NO;
				ENABLE_STRICT_OBJC_MSGSEND = YES;
				GCC_C_LANGUAGE_STANDARD = gnu99;
				GCC_WARN_64_TO_32_BIT_CONVERSION = YES;
				GCC_WARN_ABOUT_RETURN_TYPE = YES_ERROR;
				GCC_WARN_UNDECLARED_SELECTOR = YES;
				GCC_WARN_UNINITIALIZED_AUTOS = YES_AGGRESSIVE;
				GCC_WARN_UNUSED_FUNCTION = YES;
				GCC_WARN_UNUSED_VARIABLE = YES;
				IPHONEOS_DEPLOYMENT_TARGET = 8.1;
				MTL_ENABLE_DEBUG_INFO = NO;
				SDKROOT = iphoneos;
				TARGETED_DEVICE_FAMILY = 2;
				VALIDATE_PRODUCT = YES;
			};
			name = Release;
		};
		24AEE9301A65B90400052705 /* Debug */ = {
			isa = XCBuildConfiguration;
			buildSettings = {
				ASSETCATALOG_COMPILER_APPICON_NAME = AppIcon;
				INFOPLIST_FILE = "Lunchr-iOS/Info.plist";
				LD_RUNPATH_SEARCH_PATHS = "$(inherited) @executable_path/Frameworks";
				PRODUCT_NAME = "$(TARGET_NAME)";
			};
			name = Debug;
		};
		24AEE9311A65B90400052705 /* Release */ = {
			isa = XCBuildConfiguration;
			buildSettings = {
				ASSETCATALOG_COMPILER_APPICON_NAME = AppIcon;
				INFOPLIST_FILE = "Lunchr-iOS/Info.plist";
				LD_RUNPATH_SEARCH_PATHS = "$(inherited) @executable_path/Frameworks";
				PRODUCT_NAME = "$(TARGET_NAME)";
			};
			name = Release;
		};
		24AEE9331A65B90400052705 /* Debug */ = {
			isa = XCBuildConfiguration;
			buildSettings = {
				BUNDLE_LOADER = "$(TEST_HOST)";
				FRAMEWORK_SEARCH_PATHS = (
					"$(SDKROOT)/Developer/Library/Frameworks",
					"$(inherited)",
				);
				GCC_PREPROCESSOR_DEFINITIONS = (
					"DEBUG=1",
					"$(inherited)",
				);
				INFOPLIST_FILE = "Lunchr-iOSTests/Info.plist";
				LD_RUNPATH_SEARCH_PATHS = "$(inherited) @executable_path/Frameworks @loader_path/Frameworks";
				PRODUCT_NAME = "$(TARGET_NAME)";
				TEST_HOST = "$(BUILT_PRODUCTS_DIR)/Lunchr-iOS.app/Lunchr-iOS";
			};
			name = Debug;
		};
		24AEE9341A65B90400052705 /* Release */ = {
			isa = XCBuildConfiguration;
			buildSettings = {
				BUNDLE_LOADER = "$(TEST_HOST)";
				FRAMEWORK_SEARCH_PATHS = (
					"$(SDKROOT)/Developer/Library/Frameworks",
					"$(inherited)",
				);
				INFOPLIST_FILE = "Lunchr-iOSTests/Info.plist";
				LD_RUNPATH_SEARCH_PATHS = "$(inherited) @executable_path/Frameworks @loader_path/Frameworks";
				PRODUCT_NAME = "$(TARGET_NAME)";
				TEST_HOST = "$(BUILT_PRODUCTS_DIR)/Lunchr-iOS.app/Lunchr-iOS";
			};
			name = Release;
		};
/* End XCBuildConfiguration section */

/* Begin XCConfigurationList section */
		24AEE9061A65B90400052705 /* Build configuration list for PBXProject "Lunchr-iOS" */ = {
			isa = XCConfigurationList;
			buildConfigurations = (
				24AEE92D1A65B90400052705 /* Debug */,
				24AEE92E1A65B90400052705 /* Release */,
			);
			defaultConfigurationIsVisible = 0;
			defaultConfigurationName = Release;
		};
		24AEE92F1A65B90400052705 /* Build configuration list for PBXNativeTarget "Lunchr-iOS" */ = {
			isa = XCConfigurationList;
			buildConfigurations = (
				24AEE9301A65B90400052705 /* Debug */,
				24AEE9311A65B90400052705 /* Release */,
			);
			defaultConfigurationIsVisible = 0;
		};
		24AEE9321A65B90400052705 /* Build configuration list for PBXNativeTarget "Lunchr-iOSTests" */ = {
			isa = XCConfigurationList;
			buildConfigurations = (
				24AEE9331A65B90400052705 /* Debug */,
				24AEE9341A65B90400052705 /* Release */,
			);
			defaultConfigurationIsVisible = 0;
		};
/* End XCConfigurationList section */

/* Begin XCVersionGroup section */
		24AEE9121A65B90400052705 /* Lunchr_iOS.xcdatamodeld */ = {
			isa = XCVersionGroup;
			children = (
				24AEE9131A65B90400052705 /* Lunchr_iOS.xcdatamodel */,
			);
			currentVersion = 24AEE9131A65B90400052705 /* Lunchr_iOS.xcdatamodel */;
			path = Lunchr_iOS.xcdatamodeld;
			sourceTree = "<group>";
			versionGroupType = wrapper.xcdatamodel;
		};
/* End XCVersionGroup section */
	};
	rootObject = 24AEE9031A65B90400052705 /* Project object */;
}
