// !$*UTF8*$!
{
	archiveVersion = 1;
	classes = {
	};
	objectVersion = 46;
	objects = {

/* Begin PBXBuildFile section */
		140F39C71A84287300F3C705 /* main.m in Sources */ = {isa = PBXBuildFile; fileRef = 140F39C61A84287300F3C705 /* main.m */; };
		140F39CA1A84287300F3C705 /* AppDelegate.m in Sources */ = {isa = PBXBuildFile; fileRef = 140F39C91A84287300F3C705 /* AppDelegate.m */; };
		140F39CD1A84287300F3C705 /* MasterViewController.m in Sources */ = {isa = PBXBuildFile; fileRef = 140F39CC1A84287300F3C705 /* MasterViewController.m */; };
		140F39D01A84287300F3C705 /* DetailViewController.m in Sources */ = {isa = PBXBuildFile; fileRef = 140F39CF1A84287300F3C705 /* DetailViewController.m */; };
		140F39D31A84287300F3C705 /* Main.storyboard in Resources */ = {isa = PBXBuildFile; fileRef = 140F39D11A84287300F3C705 /* Main.storyboard */; };
		140F39D51A84287300F3C705 /* Images.xcassets in Resources */ = {isa = PBXBuildFile; fileRef = 140F39D41A84287300F3C705 /* Images.xcassets */; };
		140F39D81A84287300F3C705 /* LaunchScreen.xib in Resources */ = {isa = PBXBuildFile; fileRef = 140F39D61A84287300F3C705 /* LaunchScreen.xib */; };
		140F39E41A84287300F3C705 /* LunchrTests.m in Sources */ = {isa = PBXBuildFile; fileRef = 140F39E31A84287300F3C705 /* LunchrTests.m */; };
/* End PBXBuildFile section */

/* Begin PBXContainerItemProxy section */
		140F39DE1A84287300F3C705 /* PBXContainerItemProxy */ = {
			isa = PBXContainerItemProxy;
			containerPortal = 140F39B91A84287300F3C705 /* Project object */;
			proxyType = 1;
			remoteGlobalIDString = 140F39C01A84287300F3C705;
			remoteInfo = Lunchr;
		};
/* End PBXContainerItemProxy section */

/* Begin PBXFileReference section */
		140F39C11A84287300F3C705 /* Lunchr.app */ = {isa = PBXFileReference; explicitFileType = wrapper.application; includeInIndex = 0; path = Lunchr.app; sourceTree = BUILT_PRODUCTS_DIR; };
		140F39C51A84287300F3C705 /* Info.plist */ = {isa = PBXFileReference; lastKnownFileType = text.plist.xml; path = Info.plist; sourceTree = "<group>"; };
		140F39C61A84287300F3C705 /* main.m */ = {isa = PBXFileReference; lastKnownFileType = sourcecode.c.objc; path = main.m; sourceTree = "<group>"; };
		140F39C81A84287300F3C705 /* AppDelegate.h */ = {isa = PBXFileReference; lastKnownFileType = sourcecode.c.h; path = AppDelegate.h; sourceTree = "<group>"; };
		140F39C91A84287300F3C705 /* AppDelegate.m */ = {isa = PBXFileReference; lastKnownFileType = sourcecode.c.objc; path = AppDelegate.m; sourceTree = "<group>"; };
		140F39CB1A84287300F3C705 /* MasterViewController.h */ = {isa = PBXFileReference; lastKnownFileType = sourcecode.c.h; path = MasterViewController.h; sourceTree = "<group>"; };
		140F39CC1A84287300F3C705 /* MasterViewController.m */ = {isa = PBXFileReference; lastKnownFileType = sourcecode.c.objc; path = MasterViewController.m; sourceTree = "<group>"; };
		140F39CE1A84287300F3C705 /* DetailViewController.h */ = {isa = PBXFileReference; lastKnownFileType = sourcecode.c.h; path = DetailViewController.h; sourceTree = "<group>"; };
		140F39CF1A84287300F3C705 /* DetailViewController.m */ = {isa = PBXFileReference; lastKnownFileType = sourcecode.c.objc; path = DetailViewController.m; sourceTree = "<group>"; };
		140F39D21A84287300F3C705 /* Base */ = {isa = PBXFileReference; lastKnownFileType = file.storyboard; name = Base; path = Base.lproj/Main.storyboard; sourceTree = "<group>"; };
		140F39D41A84287300F3C705 /* Images.xcassets */ = {isa = PBXFileReference; lastKnownFileType = folder.assetcatalog; path = Images.xcassets; sourceTree = "<group>"; };
		140F39D71A84287300F3C705 /* Base */ = {isa = PBXFileReference; lastKnownFileType = file.xib; name = Base; path = Base.lproj/LaunchScreen.xib; sourceTree = "<group>"; };
		140F39DD1A84287300F3C705 /* LunchrTests.xctest */ = {isa = PBXFileReference; explicitFileType = wrapper.cfbundle; includeInIndex = 0; path = LunchrTests.xctest; sourceTree = BUILT_PRODUCTS_DIR; };
		140F39E21A84287300F3C705 /* Info.plist */ = {isa = PBXFileReference; lastKnownFileType = text.plist.xml; path = Info.plist; sourceTree = "<group>"; };
		140F39E31A84287300F3C705 /* LunchrTests.m */ = {isa = PBXFileReference; lastKnownFileType = sourcecode.c.objc; path = LunchrTests.m; sourceTree = "<group>"; };
/* End PBXFileReference section */

/* Begin PBXFrameworksBuildPhase section */
		140F39BE1A84287300F3C705 /* Frameworks */ = {
			isa = PBXFrameworksBuildPhase;
			buildActionMask = 2147483647;
			files = (
			);
			runOnlyForDeploymentPostprocessing = 0;
		};
		140F39DA1A84287300F3C705 /* Frameworks */ = {
			isa = PBXFrameworksBuildPhase;
			buildActionMask = 2147483647;
			files = (
			);
			runOnlyForDeploymentPostprocessing = 0;
		};
/* End PBXFrameworksBuildPhase section */

/* Begin PBXGroup section */
		140F39B81A84287300F3C705 = {
			isa = PBXGroup;
			children = (
				140F39C31A84287300F3C705 /* Lunchr */,
				140F39E01A84287300F3C705 /* LunchrTests */,
				140F39C21A84287300F3C705 /* Products */,
			);
			sourceTree = "<group>";
		};
		140F39C21A84287300F3C705 /* Products */ = {
			isa = PBXGroup;
			children = (
				140F39C11A84287300F3C705 /* Lunchr.app */,
				140F39DD1A84287300F3C705 /* LunchrTests.xctest */,
			);
			name = Products;
			sourceTree = "<group>";
		};
		140F39C31A84287300F3C705 /* Lunchr */ = {
			isa = PBXGroup;
			children = (
				140F39C81A84287300F3C705 /* AppDelegate.h */,
				140F39C91A84287300F3C705 /* AppDelegate.m */,
				140F39CB1A84287300F3C705 /* MasterViewController.h */,
				140F39CC1A84287300F3C705 /* MasterViewController.m */,
				140F39CE1A84287300F3C705 /* DetailViewController.h */,
				140F39CF1A84287300F3C705 /* DetailViewController.m */,
				140F39D11A84287300F3C705 /* Main.storyboard */,
				140F39D41A84287300F3C705 /* Images.xcassets */,
				140F39D61A84287300F3C705 /* LaunchScreen.xib */,
				140F39C41A84287300F3C705 /* Supporting Files */,
			);
			path = Lunchr;
			sourceTree = "<group>";
		};
		140F39C41A84287300F3C705 /* Supporting Files */ = {
			isa = PBXGroup;
			children = (
				140F39C51A84287300F3C705 /* Info.plist */,
				140F39C61A84287300F3C705 /* main.m */,
			);
			name = "Supporting Files";
			sourceTree = "<group>";
		};
		140F39E01A84287300F3C705 /* LunchrTests */ = {
			isa = PBXGroup;
			children = (
				140F39E31A84287300F3C705 /* LunchrTests.m */,
				140F39E11A84287300F3C705 /* Supporting Files */,
			);
			path = LunchrTests;
			sourceTree = "<group>";
		};
		140F39E11A84287300F3C705 /* Supporting Files */ = {
			isa = PBXGroup;
			children = (
				140F39E21A84287300F3C705 /* Info.plist */,
			);
			name = "Supporting Files";
			sourceTree = "<group>";
		};
/* End PBXGroup section */

/* Begin PBXNativeTarget section */
		140F39C01A84287300F3C705 /* Lunchr */ = {
			isa = PBXNativeTarget;
			buildConfigurationList = 140F39E71A84287300F3C705 /* Build configuration list for PBXNativeTarget "Lunchr" */;
			buildPhases = (
				140F39BD1A84287300F3C705 /* Sources */,
				140F39BE1A84287300F3C705 /* Frameworks */,
				140F39BF1A84287300F3C705 /* Resources */,
			);
			buildRules = (
			);
			dependencies = (
			);
			name = Lunchr;
			productName = Lunchr;
			productReference = 140F39C11A84287300F3C705 /* Lunchr.app */;
			productType = "com.apple.product-type.application";
		};
		140F39DC1A84287300F3C705 /* LunchrTests */ = {
			isa = PBXNativeTarget;
			buildConfigurationList = 140F39EA1A84287300F3C705 /* Build configuration list for PBXNativeTarget "LunchrTests" */;
			buildPhases = (
				140F39D91A84287300F3C705 /* Sources */,
				140F39DA1A84287300F3C705 /* Frameworks */,
				140F39DB1A84287300F3C705 /* Resources */,
			);
			buildRules = (
			);
			dependencies = (
				140F39DF1A84287300F3C705 /* PBXTargetDependency */,
			);
			name = LunchrTests;
			productName = LunchrTests;
			productReference = 140F39DD1A84287300F3C705 /* LunchrTests.xctest */;
			productType = "com.apple.product-type.bundle.unit-test";
		};
/* End PBXNativeTarget section */

/* Begin PBXProject section */
		140F39B91A84287300F3C705 /* Project object */ = {
			isa = PBXProject;
			attributes = {
				LastUpgradeCheck = 0610;
				TargetAttributes = {
					140F39C01A84287300F3C705 = {
						CreatedOnToolsVersion = 6.1.1;
					};
					140F39DC1A84287300F3C705 = {
						CreatedOnToolsVersion = 6.1.1;
						TestTargetID = 140F39C01A84287300F3C705;
					};
				};
			};
			buildConfigurationList = 140F39BC1A84287300F3C705 /* Build configuration list for PBXProject "Lunchr" */;
			compatibilityVersion = "Xcode 3.2";
			developmentRegion = English;
			hasScannedForEncodings = 0;
			knownRegions = (
				en,
				Base,
			);
			mainGroup = 140F39B81A84287300F3C705;
			productRefGroup = 140F39C21A84287300F3C705 /* Products */;
			projectDirPath = "";
			projectRoot = "";
			targets = (
				140F39C01A84287300F3C705 /* Lunchr */,
				140F39DC1A84287300F3C705 /* LunchrTests */,
			);
		};
/* End PBXProject section */

/* Begin PBXResourcesBuildPhase section */
		140F39BF1A84287300F3C705 /* Resources */ = {
			isa = PBXResourcesBuildPhase;
			buildActionMask = 2147483647;
			files = (
				140F39D31A84287300F3C705 /* Main.storyboard in Resources */,
				140F39D81A84287300F3C705 /* LaunchScreen.xib in Resources */,
				140F39D51A84287300F3C705 /* Images.xcassets in Resources */,
			);
			runOnlyForDeploymentPostprocessing = 0;
		};
		140F39DB1A84287300F3C705 /* Resources */ = {
			isa = PBXResourcesBuildPhase;
			buildActionMask = 2147483647;
			files = (
			);
			runOnlyForDeploymentPostprocessing = 0;
		};
/* End PBXResourcesBuildPhase section */

/* Begin PBXSourcesBuildPhase section */
		140F39BD1A84287300F3C705 /* Sources */ = {
			isa = PBXSourcesBuildPhase;
			buildActionMask = 2147483647;
			files = (
				140F39CA1A84287300F3C705 /* AppDelegate.m in Sources */,
				140F39CD1A84287300F3C705 /* MasterViewController.m in Sources */,
				140F39C71A84287300F3C705 /* main.m in Sources */,
				140F39D01A84287300F3C705 /* DetailViewController.m in Sources */,
			);
			runOnlyForDeploymentPostprocessing = 0;
		};
		140F39D91A84287300F3C705 /* Sources */ = {
			isa = PBXSourcesBuildPhase;
			buildActionMask = 2147483647;
			files = (
				140F39E41A84287300F3C705 /* LunchrTests.m in Sources */,
			);
			runOnlyForDeploymentPostprocessing = 0;
		};
/* End PBXSourcesBuildPhase section */

/* Begin PBXTargetDependency section */
		140F39DF1A84287300F3C705 /* PBXTargetDependency */ = {
			isa = PBXTargetDependency;
			target = 140F39C01A84287300F3C705 /* Lunchr */;
			targetProxy = 140F39DE1A84287300F3C705 /* PBXContainerItemProxy */;
		};
/* End PBXTargetDependency section */

/* Begin PBXVariantGroup section */
		140F39D11A84287300F3C705 /* Main.storyboard */ = {
			isa = PBXVariantGroup;
			children = (
				140F39D21A84287300F3C705 /* Base */,
			);
			name = Main.storyboard;
			sourceTree = "<group>";
		};
		140F39D61A84287300F3C705 /* LaunchScreen.xib */ = {
			isa = PBXVariantGroup;
			children = (
				140F39D71A84287300F3C705 /* Base */,
			);
			name = LaunchScreen.xib;
			sourceTree = "<group>";
		};
/* End PBXVariantGroup section */

/* Begin XCBuildConfiguration section */
		140F39E51A84287300F3C705 /* Debug */ = {
			isa = XCBuildConfiguration;
			buildSettings = {
				ALWAYS_SEARCH_USER_PATHS = NO;
				CLANG_CXX_LANGUAGE_STANDARD = "gnu++0x";
				CLANG_CXX_LIBRARY = "libc++";
				CLANG_ENABLE_MODULES = YES;
				CLANG_ENABLE_OBJC_ARC = YES;
				CLANG_WARN_BOOL_CONVERSION = YES;
				CLANG_WARN_CONSTANT_CONVERSION = YES;
				CLANG_WARN_DIRECT_OBJC_ISA_USAGE = YES_ERROR;
				CLANG_WARN_EMPTY_BODY = YES;
				CLANG_WARN_ENUM_CONVERSION = YES;
				CLANG_WARN_INT_CONVERSION = YES;
				CLANG_WARN_OBJC_ROOT_CLASS = YES_ERROR;
				CLANG_WARN_UNREACHABLE_CODE = YES;
				CLANG_WARN__DUPLICATE_METHOD_MATCH = YES;
				"CODE_SIGN_IDENTITY[sdk=iphoneos*]" = "iPhone Developer";
				COPY_PHASE_STRIP = NO;
				ENABLE_STRICT_OBJC_MSGSEND = YES;
				GCC_C_LANGUAGE_STANDARD = gnu99;
				GCC_DYNAMIC_NO_PIC = NO;
				GCC_OPTIMIZATION_LEVEL = 0;
				GCC_PREPROCESSOR_DEFINITIONS = (
					"DEBUG=1",
					"$(inherited)",
				);
				GCC_SYMBOLS_PRIVATE_EXTERN = NO;
				GCC_WARN_64_TO_32_BIT_CONVERSION = YES;
				GCC_WARN_ABOUT_RETURN_TYPE = YES_ERROR;
				GCC_WARN_UNDECLARED_SELECTOR = YES;
				GCC_WARN_UNINITIALIZED_AUTOS = YES_AGGRESSIVE;
				GCC_WARN_UNUSED_FUNCTION = YES;
				GCC_WARN_UNUSED_VARIABLE = YES;
				IPHONEOS_DEPLOYMENT_TARGET = 8.1;
				MTL_ENABLE_DEBUG_INFO = YES;
				ONLY_ACTIVE_ARCH = YES;
				SDKROOT = iphoneos;
				TARGETED_DEVICE_FAMILY = "1,2";
			};
			name = Debug;
		};
		140F39E61A84287300F3C705 /* Release */ = {
			isa = XCBuildConfiguration;
			buildSettings = {
				ALWAYS_SEARCH_USER_PATHS = NO;
				CLANG_CXX_LANGUAGE_STANDARD = "gnu++0x";
				CLANG_CXX_LIBRARY = "libc++";
				CLANG_ENABLE_MODULES = YES;
				CLANG_ENABLE_OBJC_ARC = YES;
				CLANG_WARN_BOOL_CONVERSION = YES;
				CLANG_WARN_CONSTANT_CONVERSION = YES;
				CLANG_WARN_DIRECT_OBJC_ISA_USAGE = YES_ERROR;
				CLANG_WARN_EMPTY_BODY = YES;
				CLANG_WARN_ENUM_CONVERSION = YES;
				CLANG_WARN_INT_CONVERSION = YES;
				CLANG_WARN_OBJC_ROOT_CLASS = YES_ERROR;
				CLANG_WARN_UNREACHABLE_CODE = YES;
				CLANG_WARN__DUPLICATE_METHOD_MATCH = YES;
				"CODE_SIGN_IDENTITY[sdk=iphoneos*]" = "iPhone Developer";
				COPY_PHASE_STRIP = YES;
				ENABLE_NS_ASSERTIONS = NO;
				ENABLE_STRICT_OBJC_MSGSEND = YES;
				GCC_C_LANGUAGE_STANDARD = gnu99;
				GCC_WARN_64_TO_32_BIT_CONVERSION = YES;
				GCC_WARN_ABOUT_RETURN_TYPE = YES_ERROR;
				GCC_WARN_UNDECLARED_SELECTOR = YES;
				GCC_WARN_UNINITIALIZED_AUTOS = YES_AGGRESSIVE;
				GCC_WARN_UNUSED_FUNCTION = YES;
				GCC_WARN_UNUSED_VARIABLE = YES;
				IPHONEOS_DEPLOYMENT_TARGET = 8.1;
				MTL_ENABLE_DEBUG_INFO = NO;
				SDKROOT = iphoneos;
				TARGETED_DEVICE_FAMILY = "1,2";
				VALIDATE_PRODUCT = YES;
			};
			name = Release;
		};
		140F39E81A84287300F3C705 /* Debug */ = {
			isa = XCBuildConfiguration;
			buildSettings = {
				ASSETCATALOG_COMPILER_APPICON_NAME = AppIcon;
				INFOPLIST_FILE = Lunchr/Info.plist;
				LD_RUNPATH_SEARCH_PATHS = "$(inherited) @executable_path/Frameworks";
				PRODUCT_NAME = "$(TARGET_NAME)";
			};
			name = Debug;
		};
		140F39E91A84287300F3C705 /* Release */ = {
			isa = XCBuildConfiguration;
			buildSettings = {
				ASSETCATALOG_COMPILER_APPICON_NAME = AppIcon;
				INFOPLIST_FILE = Lunchr/Info.plist;
				LD_RUNPATH_SEARCH_PATHS = "$(inherited) @executable_path/Frameworks";
				PRODUCT_NAME = "$(TARGET_NAME)";
			};
			name = Release;
		};
		140F39EB1A84287300F3C705 /* Debug */ = {
			isa = XCBuildConfiguration;
			buildSettings = {
				BUNDLE_LOADER = "$(TEST_HOST)";
				FRAMEWORK_SEARCH_PATHS = (
					"$(SDKROOT)/Developer/Library/Frameworks",
					"$(inherited)",
				);
				GCC_PREPROCESSOR_DEFINITIONS = (
					"DEBUG=1",
					"$(inherited)",
				);
				INFOPLIST_FILE = LunchrTests/Info.plist;
				LD_RUNPATH_SEARCH_PATHS = "$(inherited) @executable_path/Frameworks @loader_path/Frameworks";
				PRODUCT_NAME = "$(TARGET_NAME)";
				TEST_HOST = "$(BUILT_PRODUCTS_DIR)/Lunchr.app/Lunchr";
			};
			name = Debug;
		};
		140F39EC1A84287300F3C705 /* Release */ = {
			isa = XCBuildConfiguration;
			buildSettings = {
				BUNDLE_LOADER = "$(TEST_HOST)";
				FRAMEWORK_SEARCH_PATHS = (
					"$(SDKROOT)/Developer/Library/Frameworks",
					"$(inherited)",
				);
				INFOPLIST_FILE = LunchrTests/Info.plist;
				LD_RUNPATH_SEARCH_PATHS = "$(inherited) @executable_path/Frameworks @loader_path/Frameworks";
				PRODUCT_NAME = "$(TARGET_NAME)";
				TEST_HOST = "$(BUILT_PRODUCTS_DIR)/Lunchr.app/Lunchr";
			};
			name = Release;
		};
/* End XCBuildConfiguration section */

/* Begin XCConfigurationList section */
		140F39BC1A84287300F3C705 /* Build configuration list for PBXProject "Lunchr" */ = {
			isa = XCConfigurationList;
			buildConfigurations = (
				140F39E51A84287300F3C705 /* Debug */,
				140F39E61A84287300F3C705 /* Release */,
			);
			defaultConfigurationIsVisible = 0;
			defaultConfigurationName = Release;
		};
		140F39E71A84287300F3C705 /* Build configuration list for PBXNativeTarget "Lunchr" */ = {
			isa = XCConfigurationList;
			buildConfigurations = (
				140F39E81A84287300F3C705 /* Debug */,
				140F39E91A84287300F3C705 /* Release */,
			);
			defaultConfigurationIsVisible = 0;
		};
		140F39EA1A84287300F3C705 /* Build configuration list for PBXNativeTarget "LunchrTests" */ = {
			isa = XCConfigurationList;
			buildConfigurations = (
				140F39EB1A84287300F3C705 /* Debug */,
				140F39EC1A84287300F3C705 /* Release */,
			);
			defaultConfigurationIsVisible = 0;
		};
/* End XCConfigurationList section */
	};
	rootObject = 140F39B91A84287300F3C705 /* Project object */;
}
